
Microsoft Visual Studio Solution File, Format Version 12.00
# Visual Studio Version 17
VisualStudioVersion = 17.6.33829.357
MinimumVisualStudioVersion = 10.0.40219.1
Project("{FAE04EC0-301F-11D3-BF4B-00C04F79EFBC}") = "fib", "fib\fib.csproj", "{2BEABEF4-D076-4C2E-84DF-C0D7EC5BCC94}"
EndProject
Global
	GlobalSection(SolutionConfigurationPlatforms) = preSolution
		Debug|Any CPU = Debug|Any CPU
		Release|Any CPU = Release|Any CPU
	EndGlobalSection
	GlobalSection(ProjectConfigurationPlatforms) = postSolution
		{2BEABEF4-D076-4C2E-84DF-C0D7EC5BCC94}.Debug|Any CPU.ActiveCfg = Debug|Any CPU
		{2BEABEF4-D076-4C2E-84DF-C0D7EC5BCC94}.Debug|Any CPU.Build.0 = Debug|Any CPU
		{2BEABEF4-D076-4C2E-84DF-C0D7EC5BCC94}.Release|Any CPU.ActiveCfg = Release|Any CPU
		{2BEABEF4-D076-4C2E-84DF-C0D7EC5BCC94}.Release|Any CPU.Build.0 = Release|Any CPU
	EndGlobalSection
	GlobalSection(SolutionProperties) = preSolution
		HideSolutionNode = FALSE
	EndGlobalSection
	GlobalSection(ExtensibilityGlobals) = postSolution
		SolutionGuid = {937A5AE0-45D0-4E2B-8E5B-B5E944867189}
	EndGlobalSection
EndGlobal
